PODS:
  - SwiftUIIntrospect (1.3.0)
  - SWSwiftUIKit (0.1.1):
    - SwiftUIIntrospect (~> 1.3.0)

DEPENDENCIES:
  - SWSwiftUIKit (from `../`)

SPEC REPOS:
  trunk:
    - SwiftUIIntrospect

EXTERNAL SOURCES:
  SWSwiftUIKit:
    :path: "../"

SPEC CHECKSUMS:
  SwiftUIIntrospect: fee9aa07293ee280373a591e1824e8ddc869ba5d
  SWSwiftUIKit: 6c6b075305cc7fc033ec7e17025ce2afa3bd7aca

PODFILE CHECKSUM: 0a29c69a72f8dcda20004edbb52fe911cf3b3c48

COCOAPODS: 1.16.2
